
Microsoft Visual Studio Solution File, Format Version 12.00
# Visual Studio 15
VisualStudioVersion = 15.0.27130.2036
MinimumVisualStudioVersion = 10.0.40219.1
Project("{FAE04EC0-301F-11D3-BF4B-00C04F79EFBC}") = "TaskProject1", "TaskProject1\TaskProject1.csproj", "{BED10F28-223F-416D-810D-41AB0382ADB1}"
EndProject
Global
	GlobalSection(SolutionConfigurationPlatforms) = preSolution
		Debug|Any CPU = Debug|Any CPU
		Release|Any CPU = Release|Any CPU
	EndGlobalSection
	GlobalSection(ProjectConfigurationPlatforms) = postSolution
		{BED10F28-223F-416D-810D-41AB0382ADB1}.Debug|Any CPU.ActiveCfg = Debug|Any CPU
		{BED10F28-223F-416D-810D-41AB0382ADB1}.Debug|Any CPU.Build.0 = Debug|Any CPU
		{BED10F28-223F-416D-810D-41AB0382ADB1}.Release|Any CPU.ActiveCfg = Release|Any CPU
		{BED10F28-223F-416D-810D-41AB0382ADB1}.Release|Any CPU.Build.0 = Release|Any CPU
	EndGlobalSection
	GlobalSection(SolutionProperties) = preSolution
		HideSolutionNode = FALSE
	EndGlobalSection
	GlobalSection(ExtensibilityGlobals) = postSolution
		SolutionGuid = {0B778161-81BE-4609-A4E1-8EF8F4F90791}
	EndGlobalSection
EndGlobal
